// !$*UTF8*$!
{
	archiveVersion = 1;
	classes = {
	};
	objectVersion = 56;
	objects = {

/* Begin PBXBuildFile section */
		DB0BB6382C599D8C00551AD5 /* ViewBuilderBootcamp.swift in Sources */ = {isa = PBXBuildFile; fileRef = DB0BB6372C599D8C00551AD5 /* ViewBuilderBootcamp.swift */; };
		DB0BB63A2C5B035A00551AD5 /* PreferenceKeyPage.swift in Sources */ = {isa = PBXBuildFile; fileRef = DB0BB6392C5B035A00551AD5 /* PreferenceKeyPage.swift */; };
		DB0BB63D2C5B081C00551AD5 /* GeometryPreferenceKey.swift in Sources */ = {isa = PBXBuildFile; fileRef = DB0BB63C2C5B081C00551AD5 /* GeometryPreferenceKey.swift */; };
		DB0BB63F2C5B0AE700551AD5 /* ScrollViewOffsetPreferenceKey.swift in Sources */ = {isa = PBXBuildFile; fileRef = DB0BB63E2C5B0AE700551AD5 /* ScrollViewOffsetPreferenceKey.swift */; };
		DB1947762C47360D005336DF /* CustomShapes.swift in Sources */ = {isa = PBXBuildFile; fileRef = DB1947752C47360D005336DF /* CustomShapes.swift */; };
		DB1947782C473CF6005336DF /* CustomShapesArcsQuadCurves.swift in Sources */ = {isa = PBXBuildFile; fileRef = DB1947772C473CF6005336DF /* CustomShapesArcsQuadCurves.swift */; };
		DB3E96CE2C3CAB7A006CCA6A /* CustomButtonStyles.swift in Sources */ = {isa = PBXBuildFile; fileRef = DB3E96CD2C3CAB7A006CCA6A /* CustomButtonStyles.swift */; };
		DB5510B32C81343E00B82121 /* TabbarItemsPreferenceKey.swift in Sources */ = {isa = PBXBuildFile; fileRef = DB5510B22C81343E00B82121 /* TabbarItemsPreferenceKey.swift */; };
		DB5510B52C8139D500B82121 /* TabbarItem.swift in Sources */ = {isa = PBXBuildFile; fileRef = DB5510B42C8139D500B82121 /* TabbarItem.swift */; };
		DB5510B72C86925200B82121 /* AppNavBarView.swift in Sources */ = {isa = PBXBuildFile; fileRef = DB5510B62C86925200B82121 /* AppNavBarView.swift */; };
		DB5510BA2C86949900B82121 /* CustomNavBarView.swift in Sources */ = {isa = PBXBuildFile; fileRef = DB5510B92C86949900B82121 /* CustomNavBarView.swift */; };
		DB5510BC2C8696DB00B82121 /* CustomNavBarContainerView.swift in Sources */ = {isa = PBXBuildFile; fileRef = DB5510BB2C8696DB00B82121 /* CustomNavBarContainerView.swift */; };
		DB5510BE2C86984800B82121 /* CustomNavView.swift in Sources */ = {isa = PBXBuildFile; fileRef = DB5510BD2C86984800B82121 /* CustomNavView.swift */; };
		DB5510C02C87C1E700B82121 /* CustomNavLink.swift in Sources */ = {isa = PBXBuildFile; fileRef = DB5510BF2C87C1E700B82121 /* CustomNavLink.swift */; };
		DB5510C22C87C4B200B82121 /* CustomNavBarPreferenceKeys.swift in Sources */ = {isa = PBXBuildFile; fileRef = DB5510C12C87C4B200B82121 /* CustomNavBarPreferenceKeys.swift */; };
		DB5C17502C49E1D5003B7762 /* Generics.swift in Sources */ = {isa = PBXBuildFile; fileRef = DB5C174F2C49E1D5003B7762 /* Generics.swift */; };
		DB8B362F2C48991600AABDEE /* CustomShapesAnimateableData.swift in Sources */ = {isa = PBXBuildFile; fileRef = DB8B362E2C48991600AABDEE /* CustomShapesAnimateableData.swift */; };
		DBBED6242C45EA2300640CC5 /* MatchedGeometryEffect.swift in Sources */ = {isa = PBXBuildFile; fileRef = DBBED6232C45EA2300640CC5 /* MatchedGeometryEffect.swift */; };
		DBDF3EF82C7807C200CDF2FD /* AppTabbarView.swift in Sources */ = {isa = PBXBuildFile; fileRef = DBDF3EF72C7807C200CDF2FD /* AppTabbarView.swift */; };
		DBDF3EFA2C7808B700CDF2FD /* CustomTabbarView.swift in Sources */ = {isa = PBXBuildFile; fileRef = DBDF3EF92C7808B700CDF2FD /* CustomTabbarView.swift */; };
		DBDF3EFC2C7E912200CDF2FD /* CustomTabbarContainerView.swift in Sources */ = {isa = PBXBuildFile; fileRef = DBDF3EFB2C7E912200CDF2FD /* CustomTabbarContainerView.swift */; };
		DBF4F7BF2C3F59EA00984D49 /* CustomTransition.swift in Sources */ = {isa = PBXBuildFile; fileRef = DBF4F7BE2C3F59EA00984D49 /* CustomTransition.swift */; };
		DBFAC65D2C3764A9004FA0BE /* SwiftfulThingsApp.swift in Sources */ = {isa = PBXBuildFile; fileRef = DBFAC65C2C3764A9004FA0BE /* SwiftfulThingsApp.swift */; };
		DBFAC6612C3764AB004FA0BE /* Assets.xcassets in Resources */ = {isa = PBXBuildFile; fileRef = DBFAC6602C3764AB004FA0BE /* Assets.xcassets */; };
		DBFAC6642C3764AB004FA0BE /* Preview Assets.xcassets in Resources */ = {isa = PBXBuildFile; fileRef = DBFAC6632C3764AB004FA0BE /* Preview Assets.xcassets */; };
		DBFAC66D2C37663F004FA0BE /* ViewModifierBootcamp.swift in Sources */ = {isa = PBXBuildFile; fileRef = DBFAC66C2C37663F004FA0BE /* ViewModifierBootcamp.swift */; };
/* End PBXBuildFile section */

/* Begin PBXFileReference section */
		DB0BB6372C599D8C00551AD5 /* ViewBuilderBootcamp.swift */ = {isa = PBXFileReference; lastKnownFileType = sourcecode.swift; path = ViewBuilderBootcamp.swift; sourceTree = "<group>"; };
		DB0BB6392C5B035A00551AD5 /* PreferenceKeyPage.swift */ = {isa = PBXFileReference; lastKnownFileType = sourcecode.swift; path = PreferenceKeyPage.swift; sourceTree = "<group>"; };
		DB0BB63C2C5B081C00551AD5 /* GeometryPreferenceKey.swift */ = {isa = PBXFileReference; lastKnownFileType = sourcecode.swift; path = GeometryPreferenceKey.swift; sourceTree = "<group>"; };
		DB0BB63E2C5B0AE700551AD5 /* ScrollViewOffsetPreferenceKey.swift */ = {isa = PBXFileReference; lastKnownFileType = sourcecode.swift; path = ScrollViewOffsetPreferenceKey.swift; sourceTree = "<group>"; };
		DB1947752C47360D005336DF /* CustomShapes.swift */ = {isa = PBXFileReference; lastKnownFileType = sourcecode.swift; path = CustomShapes.swift; sourceTree = "<group>"; };
		DB1947772C473CF6005336DF /* CustomShapesArcsQuadCurves.swift */ = {isa = PBXFileReference; lastKnownFileType = sourcecode.swift; path = CustomShapesArcsQuadCurves.swift; sourceTree = "<group>"; };
		DB3E96CD2C3CAB7A006CCA6A /* CustomButtonStyles.swift */ = {isa = PBXFileReference; lastKnownFileType = sourcecode.swift; path = CustomButtonStyles.swift; sourceTree = "<group>"; };
		DB5510B22C81343E00B82121 /* TabbarItemsPreferenceKey.swift */ = {isa = PBXFileReference; lastKnownFileType = sourcecode.swift; path = TabbarItemsPreferenceKey.swift; sourceTree = "<group>"; };
		DB5510B42C8139D500B82121 /* TabbarItem.swift */ = {isa = PBXFileReference; lastKnownFileType = sourcecode.swift; path = TabbarItem.swift; sourceTree = "<group>"; };
		DB5510B62C86925200B82121 /* AppNavBarView.swift */ = {isa = PBXFileReference; lastKnownFileType = sourcecode.swift; path = AppNavBarView.swift; sourceTree = "<group>"; };
		DB5510B92C86949900B82121 /* CustomNavBarView.swift */ = {isa = PBXFileReference; lastKnownFileType = sourcecode.swift; path = CustomNavBarView.swift; sourceTree = "<group>"; };
		DB5510BB2C8696DB00B82121 /* CustomNavBarContainerView.swift */ = {isa = PBXFileReference; lastKnownFileType = sourcecode.swift; path = CustomNavBarContainerView.swift; sourceTree = "<group>"; };
		DB5510BD2C86984800B82121 /* CustomNavView.swift */ = {isa = PBXFileReference; lastKnownFileType = sourcecode.swift; path = CustomNavView.swift; sourceTree = "<group>"; };
		DB5510BF2C87C1E700B82121 /* CustomNavLink.swift */ = {isa = PBXFileReference; lastKnownFileType = sourcecode.swift; path = CustomNavLink.swift; sourceTree = "<group>"; };
		DB5510C12C87C4B200B82121 /* CustomNavBarPreferenceKeys.swift */ = {isa = PBXFileReference; lastKnownFileType = sourcecode.swift; path = CustomNavBarPreferenceKeys.swift; sourceTree = "<group>"; };
		DB5C174F2C49E1D5003B7762 /* Generics.swift */ = {isa = PBXFileReference; lastKnownFileType = sourcecode.swift; path = Generics.swift; sourceTree = "<group>"; };
		DB8B362E2C48991600AABDEE /* CustomShapesAnimateableData.swift */ = {isa = PBXFileReference; lastKnownFileType = sourcecode.swift; path = CustomShapesAnimateableData.swift; sourceTree = "<group>"; };
		DBBED6232C45EA2300640CC5 /* MatchedGeometryEffect.swift */ = {isa = PBXFileReference; lastKnownFileType = sourcecode.swift; path = MatchedGeometryEffect.swift; sourceTree = "<group>"; };
		DBDF3EF72C7807C200CDF2FD /* AppTabbarView.swift */ = {isa = PBXFileReference; lastKnownFileType = sourcecode.swift; path = AppTabbarView.swift; sourceTree = "<group>"; };
		DBDF3EF92C7808B700CDF2FD /* CustomTabbarView.swift */ = {isa = PBXFileReference; lastKnownFileType = sourcecode.swift; path = CustomTabbarView.swift; sourceTree = "<group>"; };
		DBDF3EFB2C7E912200CDF2FD /* CustomTabbarContainerView.swift */ = {isa = PBXFileReference; lastKnownFileType = sourcecode.swift; path = CustomTabbarContainerView.swift; sourceTree = "<group>"; };
		DBF4F7BE2C3F59EA00984D49 /* CustomTransition.swift */ = {isa = PBXFileReference; lastKnownFileType = sourcecode.swift; path = CustomTransition.swift; sourceTree = "<group>"; };
		DBFAC6592C3764A9004FA0BE /* SwiftfulThings.app */ = {isa = PBXFileReference; explicitFileType = wrapper.application; includeInIndex = 0; path = SwiftfulThings.app; sourceTree = BUILT_PRODUCTS_DIR; };
		DBFAC65C2C3764A9004FA0BE /* SwiftfulThingsApp.swift */ = {isa = PBXFileReference; lastKnownFileType = sourcecode.swift; path = SwiftfulThingsApp.swift; sourceTree = "<group>"; };
		DBFAC6602C3764AB004FA0BE /* Assets.xcassets */ = {isa = PBXFileReference; lastKnownFileType = folder.assetcatalog; path = Assets.xcassets; sourceTree = "<group>"; };
		DBFAC6632C3764AB004FA0BE /* Preview Assets.xcassets */ = {isa = PBXFileReference; lastKnownFileType = folder.assetcatalog; path = "Preview Assets.xcassets"; sourceTree = "<group>"; };
		DBFAC66C2C37663F004FA0BE /* ViewModifierBootcamp.swift */ = {isa = PBXFileReference; lastKnownFileType = sourcecode.swift; path = ViewModifierBootcamp.swift; sourceTree = "<group>"; };
/* End PBXFileReference section */

/* Begin PBXFrameworksBuildPhase section */
		DBFAC6562C3764A9004FA0BE /* Frameworks */ = {
			isa = PBXFrameworksBuildPhase;
			buildActionMask = 2147483647;
			files = (
			);
			runOnlyForDeploymentPostprocessing = 0;
		};
/* End PBXFrameworksBuildPhase section */

/* Begin PBXGroup section */
		DB0BB63B2C5B07F600551AD5 /* PreferenceKeys */ = {
			isa = PBXGroup;
			children = (
				DB0BB6392C5B035A00551AD5 /* PreferenceKeyPage.swift */,
				DB0BB63C2C5B081C00551AD5 /* GeometryPreferenceKey.swift */,
				DB0BB63E2C5B0AE700551AD5 /* ScrollViewOffsetPreferenceKey.swift */,
			);
			path = PreferenceKeys;
			sourceTree = "<group>";
		};
		DB5510B82C86928500B82121 /* CustomNavBar */ = {
			isa = PBXGroup;
			children = (
				DB5510B62C86925200B82121 /* AppNavBarView.swift */,
				DB5510BF2C87C1E700B82121 /* CustomNavLink.swift */,
				DB5510C12C87C4B200B82121 /* CustomNavBarPreferenceKeys.swift */,
				DB5510BD2C86984800B82121 /* CustomNavView.swift */,
				DB5510B92C86949900B82121 /* CustomNavBarView.swift */,
				DB5510BB2C8696DB00B82121 /* CustomNavBarContainerView.swift */,
			);
			path = CustomNavBar;
			sourceTree = "<group>";
		};
		DBDF3EF42C78078600CDF2FD /* CustomTabbar */ = {
			isa = PBXGroup;
			children = (
				DBDF3EF72C7807C200CDF2FD /* AppTabbarView.swift */,
				DB5510B22C81343E00B82121 /* TabbarItemsPreferenceKey.swift */,
				DB5510B42C8139D500B82121 /* TabbarItem.swift */,
				DBDF3EF92C7808B700CDF2FD /* CustomTabbarView.swift */,
				DBDF3EFB2C7E912200CDF2FD /* CustomTabbarContainerView.swift */,
			);
			path = CustomTabbar;
			sourceTree = "<group>";
		};
		DBFAC6502C3764A9004FA0BE = {
			isa = PBXGroup;
			children = (
				DBFAC65B2C3764A9004FA0BE /* SwiftfulThings */,
				DBFAC65A2C3764A9004FA0BE /* Products */,
			);
			sourceTree = "<group>";
		};
		DBFAC65A2C3764A9004FA0BE /* Products */ = {
			isa = PBXGroup;
			children = (
				DBFAC6592C3764A9004FA0BE /* SwiftfulThings.app */,
			);
			name = Products;
			sourceTree = "<group>";
		};
		DBFAC65B2C3764A9004FA0BE /* SwiftfulThings */ = {
			isa = PBXGroup;
			children = (
				DBDF3EF42C78078600CDF2FD /* CustomTabbar */,
				DBFAC65C2C3764A9004FA0BE /* SwiftfulThingsApp.swift */,
				DBFAC66C2C37663F004FA0BE /* ViewModifierBootcamp.swift */,
				DBF4F7BE2C3F59EA00984D49 /* CustomTransition.swift */,
				DB0BB6372C599D8C00551AD5 /* ViewBuilderBootcamp.swift */,
				DBBED6232C45EA2300640CC5 /* MatchedGeometryEffect.swift */,
				DB5510B82C86928500B82121 /* CustomNavBar */,
				DB1947772C473CF6005336DF /* CustomShapesArcsQuadCurves.swift */,
				DB0BB63B2C5B07F600551AD5 /* PreferenceKeys */,
				DB8B362E2C48991600AABDEE /* CustomShapesAnimateableData.swift */,
				DB5C174F2C49E1D5003B7762 /* Generics.swift */,
				DB1947752C47360D005336DF /* CustomShapes.swift */,
				DB3E96CD2C3CAB7A006CCA6A /* CustomButtonStyles.swift */,
				DBFAC6602C3764AB004FA0BE /* Assets.xcassets */,
				DBFAC6622C3764AB004FA0BE /* Preview Content */,
			);
			path = SwiftfulThings;
			sourceTree = "<group>";
		};
		DBFAC6622C3764AB004FA0BE /* Preview Content */ = {
			isa = PBXGroup;
			children = (
				DBFAC6632C3764AB004FA0BE /* Preview Assets.xcassets */,
			);
			path = "Preview Content";
			sourceTree = "<group>";
		};
/* End PBXGroup section */

/* Begin PBXNativeTarget section */
		DBFAC6582C3764A9004FA0BE /* SwiftfulThings */ = {
			isa = PBXNativeTarget;
			buildConfigurationList = DBFAC6672C3764AB004FA0BE /* Build configuration list for PBXNativeTarget "SwiftfulThings" */;
			buildPhases = (
				DBFAC6552C3764A9004FA0BE /* Sources */,
				DBFAC6562C3764A9004FA0BE /* Frameworks */,
				DBFAC6572C3764A9004FA0BE /* Resources */,
			);
			buildRules = (
			);
			dependencies = (
			);
			name = SwiftfulThings;
			productName = SwiftfulThings;
			productReference = DBFAC6592C3764A9004FA0BE /* SwiftfulThings.app */;
			productType = "com.apple.product-type.application";
		};
/* End PBXNativeTarget section */

/* Begin PBXProject section */
		DBFAC6512C3764A9004FA0BE /* Project object */ = {
			isa = PBXProject;
			attributes = {
				BuildIndependentTargetsInParallel = 1;
				LastSwiftUpdateCheck = 1530;
				LastUpgradeCheck = 1530;
				TargetAttributes = {
					DBFAC6582C3764A9004FA0BE = {
						CreatedOnToolsVersion = 15.3;
					};
				};
			};
			buildConfigurationList = DBFAC6542C3764A9004FA0BE /* Build configuration list for PBXProject "SwiftfulThings" */;
			compatibilityVersion = "Xcode 14.0";
			developmentRegion = en;
			hasScannedForEncodings = 0;
			knownRegions = (
				en,
				Base,
			);
			mainGroup = DBFAC6502C3764A9004FA0BE;
			productRefGroup = DBFAC65A2C3764A9004FA0BE /* Products */;
			projectDirPath = "";
			projectRoot = "";
			targets = (
				DBFAC6582C3764A9004FA0BE /* SwiftfulThings */,
			);
		};
/* End PBXProject section */

/* Begin PBXResourcesBuildPhase section */
		DBFAC6572C3764A9004FA0BE /* Resources */ = {
			isa = PBXResourcesBuildPhase;
			buildActionMask = 2147483647;
			files = (
				DBFAC6642C3764AB004FA0BE /* Preview Assets.xcassets in Resources */,
				DBFAC6612C3764AB004FA0BE /* Assets.xcassets in Resources */,
			);
			runOnlyForDeploymentPostprocessing = 0;
		};
/* End PBXResourcesBuildPhase section */

/* Begin PBXSourcesBuildPhase section */
		DBFAC6552C3764A9004FA0BE /* Sources */ = {
			isa = PBXSourcesBuildPhase;
			buildActionMask = 2147483647;
			files = (
				DBDF3EF82C7807C200CDF2FD /* AppTabbarView.swift in Sources */,
				DB8B362F2C48991600AABDEE /* CustomShapesAnimateableData.swift in Sources */,
				DB1947762C47360D005336DF /* CustomShapes.swift in Sources */,
				DB0BB63D2C5B081C00551AD5 /* GeometryPreferenceKey.swift in Sources */,
				DB5510B52C8139D500B82121 /* TabbarItem.swift in Sources */,
				DBFAC66D2C37663F004FA0BE /* ViewModifierBootcamp.swift in Sources */,
				DB5510B32C81343E00B82121 /* TabbarItemsPreferenceKey.swift in Sources */,
				DB5C17502C49E1D5003B7762 /* Generics.swift in Sources */,
				DB0BB63F2C5B0AE700551AD5 /* ScrollViewOffsetPreferenceKey.swift in Sources */,
				DB5510BE2C86984800B82121 /* CustomNavView.swift in Sources */,
				DB5510BA2C86949900B82121 /* CustomNavBarView.swift in Sources */,
				DBFAC65D2C3764A9004FA0BE /* SwiftfulThingsApp.swift in Sources */,
				DB3E96CE2C3CAB7A006CCA6A /* CustomButtonStyles.swift in Sources */,
				DB5510C02C87C1E700B82121 /* CustomNavLink.swift in Sources */,
				DB5510C22C87C4B200B82121 /* CustomNavBarPreferenceKeys.swift in Sources */,
				DBDF3EFA2C7808B700CDF2FD /* CustomTabbarView.swift in Sources */,
				DB5510B72C86925200B82121 /* AppNavBarView.swift in Sources */,
				DBF4F7BF2C3F59EA00984D49 /* CustomTransition.swift in Sources */,
				DBBED6242C45EA2300640CC5 /* MatchedGeometryEffect.swift in Sources */,
				DB1947782C473CF6005336DF /* CustomShapesArcsQuadCurves.swift in Sources */,
				DB5510BC2C8696DB00B82121 /* CustomNavBarContainerView.swift in Sources */,
				DB0BB6382C599D8C00551AD5 /* ViewBuilderBootcamp.swift in Sources */,
				DB0BB63A2C5B035A00551AD5 /* PreferenceKeyPage.swift in Sources */,
				DBDF3EFC2C7E912200CDF2FD /* CustomTabbarContainerView.swift in Sources */,
			);
			runOnlyForDeploymentPostprocessing = 0;
		};
/* End PBXSourcesBuildPhase section */

/* Begin XCBuildConfiguration section */
		DBFAC6652C3764AB004FA0BE /* Debug */ = {
			isa = XCBuildConfiguration;
			buildSettings = {
				ALWAYS_SEARCH_USER_PATHS = NO;
				ASSETCATALOG_COMPILER_GENERATE_SWIFT_ASSET_SYMBOL_EXTENSIONS = YES;
				CLANG_ANALYZER_NONNULL = YES;
				CLANG_ANALYZER_NUMBER_OBJECT_CONVERSION = YES_AGGRESSIVE;
				CLANG_CXX_LANGUAGE_STANDARD = "gnu++20";
				CLANG_ENABLE_MODULES = YES;
				CLANG_ENABLE_OBJC_ARC = YES;
				CLANG_ENABLE_OBJC_WEAK = YES;
				CLANG_WARN_BLOCK_CAPTURE_AUTORELEASING = YES;
				CLANG_WARN_BOOL_CONVERSION = YES;
				CLANG_WARN_COMMA = YES;
				CLANG_WARN_CONSTANT_CONVERSION = YES;
				CLANG_WARN_DEPRECATED_OBJC_IMPLEMENTATIONS = YES;
				CLANG_WARN_DIRECT_OBJC_ISA_USAGE = YES_ERROR;
				CLANG_WARN_DOCUMENTATION_COMMENTS = YES;
				CLANG_WARN_EMPTY_BODY = YES;
				CLANG_WARN_ENUM_CONVERSION = YES;
				CLANG_WARN_INFINITE_RECURSION = YES;
				CLANG_WARN_INT_CONVERSION = YES;
				CLANG_WARN_NON_LITERAL_NULL_CONVERSION = YES;
				CLANG_WARN_OBJC_IMPLICIT_RETAIN_SELF = YES;
				CLANG_WARN_OBJC_LITERAL_CONVERSION = YES;
				CLANG_WARN_OBJC_ROOT_CLASS = YES_ERROR;
				CLANG_WARN_QUOTED_INCLUDE_IN_FRAMEWORK_HEADER = YES;
				CLANG_WARN_RANGE_LOOP_ANALYSIS = YES;
				CLANG_WARN_STRICT_PROTOTYPES = YES;
				CLANG_WARN_SUSPICIOUS_MOVE = YES;
				CLANG_WARN_UNGUARDED_AVAILABILITY = YES_AGGRESSIVE;
				CLANG_WARN_UNREACHABLE_CODE = YES;
				CLANG_WARN__DUPLICATE_METHOD_MATCH = YES;
				COPY_PHASE_STRIP = NO;
				DEBUG_INFORMATION_FORMAT = dwarf;
				ENABLE_STRICT_OBJC_MSGSEND = YES;
				ENABLE_TESTABILITY = YES;
				ENABLE_USER_SCRIPT_SANDBOXING = YES;
				GCC_C_LANGUAGE_STANDARD = gnu17;
				GCC_DYNAMIC_NO_PIC = NO;
				GCC_NO_COMMON_BLOCKS = YES;
				GCC_OPTIMIZATION_LEVEL = 0;
				GCC_PREPROCESSOR_DEFINITIONS = (
					"DEBUG=1",
					"$(inherited)",
				);
				GCC_WARN_64_TO_32_BIT_CONVERSION = YES;
				GCC_WARN_ABOUT_RETURN_TYPE = YES_ERROR;
				GCC_WARN_UNDECLARED_SELECTOR = YES;
				GCC_WARN_UNINITIALIZED_AUTOS = YES_AGGRESSIVE;
				GCC_WARN_UNUSED_FUNCTION = YES;
				GCC_WARN_UNUSED_VARIABLE = YES;
				IPHONEOS_DEPLOYMENT_TARGET = 17.4;
				LOCALIZATION_PREFERS_STRING_CATALOGS = YES;
				MTL_ENABLE_DEBUG_INFO = INCLUDE_SOURCE;
				MTL_FAST_MATH = YES;
				ONLY_ACTIVE_ARCH = YES;
				SDKROOT = iphoneos;
				SWIFT_ACTIVE_COMPILATION_CONDITIONS = "DEBUG $(inherited)";
				SWIFT_OPTIMIZATION_LEVEL = "-Onone";
			};
			name = Debug;
		};
		DBFAC6662C3764AB004FA0BE /* Release */ = {
			isa = XCBuildConfiguration;
			buildSettings = {
				ALWAYS_SEARCH_USER_PATHS = NO;
				ASSETCATALOG_COMPILER_GENERATE_SWIFT_ASSET_SYMBOL_EXTENSIONS = YES;
				CLANG_ANALYZER_NONNULL = YES;
				CLANG_ANALYZER_NUMBER_OBJECT_CONVERSION = YES_AGGRESSIVE;
				CLANG_CXX_LANGUAGE_STANDARD = "gnu++20";
				CLANG_ENABLE_MODULES = YES;
				CLANG_ENABLE_OBJC_ARC = YES;
				CLANG_ENABLE_OBJC_WEAK = YES;
				CLANG_WARN_BLOCK_CAPTURE_AUTORELEASING = YES;
				CLANG_WARN_BOOL_CONVERSION = YES;
				CLANG_WARN_COMMA = YES;
				CLANG_WARN_CONSTANT_CONVERSION = YES;
				CLANG_WARN_DEPRECATED_OBJC_IMPLEMENTATIONS = YES;
				CLANG_WARN_DIRECT_OBJC_ISA_USAGE = YES_ERROR;
				CLANG_WARN_DOCUMENTATION_COMMENTS = YES;
				CLANG_WARN_EMPTY_BODY = YES;
				CLANG_WARN_ENUM_CONVERSION = YES;
				CLANG_WARN_INFINITE_RECURSION = YES;
				CLANG_WARN_INT_CONVERSION = YES;
				CLANG_WARN_NON_LITERAL_NULL_CONVERSION = YES;
				CLANG_WARN_OBJC_IMPLICIT_RETAIN_SELF = YES;
				CLANG_WARN_OBJC_LITERAL_CONVERSION = YES;
				CLANG_WARN_OBJC_ROOT_CLASS = YES_ERROR;
				CLANG_WARN_QUOTED_INCLUDE_IN_FRAMEWORK_HEADER = YES;
				CLANG_WARN_RANGE_LOOP_ANALYSIS = YES;
				CLANG_WARN_STRICT_PROTOTYPES = YES;
				CLANG_WARN_SUSPICIOUS_MOVE = YES;
				CLANG_WARN_UNGUARDED_AVAILABILITY = YES_AGGRESSIVE;
				CLANG_WARN_UNREACHABLE_CODE = YES;
				CLANG_WARN__DUPLICATE_METHOD_MATCH = YES;
				COPY_PHASE_STRIP = NO;
				DEBUG_INFORMATION_FORMAT = "dwarf-with-dsym";
				ENABLE_NS_ASSERTIONS = NO;
				ENABLE_STRICT_OBJC_MSGSEND = YES;
				ENABLE_USER_SCRIPT_SANDBOXING = YES;
				GCC_C_LANGUAGE_STANDARD = gnu17;
				GCC_NO_COMMON_BLOCKS = YES;
				GCC_WARN_64_TO_32_BIT_CONVERSION = YES;
				GCC_WARN_ABOUT_RETURN_TYPE = YES_ERROR;
				GCC_WARN_UNDECLARED_SELECTOR = YES;
				GCC_WARN_UNINITIALIZED_AUTOS = YES_AGGRESSIVE;
				GCC_WARN_UNUSED_FUNCTION = YES;
				GCC_WARN_UNUSED_VARIABLE = YES;
				IPHONEOS_DEPLOYMENT_TARGET = 17.4;
				LOCALIZATION_PREFERS_STRING_CATALOGS = YES;
				MTL_ENABLE_DEBUG_INFO = NO;
				MTL_FAST_MATH = YES;
				SDKROOT = iphoneos;
				SWIFT_COMPILATION_MODE = wholemodule;
				VALIDATE_PRODUCT = YES;
			};
			name = Release;
		};
		DBFAC6682C3764AB004FA0BE /* Debug */ = {
			isa = XCBuildConfiguration;
			buildSettings = {
				ASSETCATALOG_COMPILER_APPICON_NAME = AppIcon;
				ASSETCATALOG_COMPILER_GLOBAL_ACCENT_COLOR_NAME = AccentColor;
				CODE_SIGN_STYLE = Automatic;
				CURRENT_PROJECT_VERSION = 1;
				DEVELOPMENT_ASSET_PATHS = "\"SwiftfulThings/Preview Content\"";
				ENABLE_PREVIEWS = YES;
				GENERATE_INFOPLIST_FILE = YES;
				INFOPLIST_KEY_UIApplicationSceneManifest_Generation = YES;
				INFOPLIST_KEY_UIApplicationSupportsIndirectInputEvents = YES;
				INFOPLIST_KEY_UILaunchScreen_Generation = YES;
				INFOPLIST_KEY_UISupportedInterfaceOrientations_iPad = "UIInterfaceOrientationPortrait UIInterfaceOrientationPortraitUpsideDown UIInterfaceOrientationLandscapeLeft UIInterfaceOrientationLandscapeRight";
				INFOPLIST_KEY_UISupportedInterfaceOrientations_iPhone = "UIInterfaceOrientationPortrait UIInterfaceOrientationLandscapeLeft UIInterfaceOrientationLandscapeRight";
				LD_RUNPATH_SEARCH_PATHS = (
					"$(inherited)",
					"@executable_path/Frameworks",
				);
				MARKETING_VERSION = 1.0;
				PRODUCT_BUNDLE_IDENTIFIER = com.rodrigues.SwiftfulThings;
				PRODUCT_NAME = "$(TARGET_NAME)";
				SWIFT_EMIT_LOC_STRINGS = YES;
				SWIFT_VERSION = 5.0;
				TARGETED_DEVICE_FAMILY = "1,2";
			};
			name = Debug;
		};
		DBFAC6692C3764AB004FA0BE /* Release */ = {
			isa = XCBuildConfiguration;
			buildSettings = {
				ASSETCATALOG_COMPILER_APPICON_NAME = AppIcon;
				ASSETCATALOG_COMPILER_GLOBAL_ACCENT_COLOR_NAME = AccentColor;
				CODE_SIGN_STYLE = Automatic;
				CURRENT_PROJECT_VERSION = 1;
				DEVELOPMENT_ASSET_PATHS = "\"SwiftfulThings/Preview Content\"";
				ENABLE_PREVIEWS = YES;
				GENERATE_INFOPLIST_FILE = YES;
				INFOPLIST_KEY_UIApplicationSceneManifest_Generation = YES;
				INFOPLIST_KEY_UIApplicationSupportsIndirectInputEvents = YES;
				INFOPLIST_KEY_UILaunchScreen_Generation = YES;
				INFOPLIST_KEY_UISupportedInterfaceOrientations_iPad = "UIInterfaceOrientationPortrait UIInterfaceOrientationPortraitUpsideDown UIInterfaceOrientationLandscapeLeft UIInterfaceOrientationLandscapeRight";
				INFOPLIST_KEY_UISupportedInterfaceOrientations_iPhone = "UIInterfaceOrientationPortrait UIInterfaceOrientationLandscapeLeft UIInterfaceOrientationLandscapeRight";
				LD_RUNPATH_SEARCH_PATHS = (
					"$(inherited)",
					"@executable_path/Frameworks",
				);
				MARKETING_VERSION = 1.0;
				PRODUCT_BUNDLE_IDENTIFIER = com.rodrigues.SwiftfulThings;
				PRODUCT_NAME = "$(TARGET_NAME)";
				SWIFT_EMIT_LOC_STRINGS = YES;
				SWIFT_VERSION = 5.0;
				TARGETED_DEVICE_FAMILY = "1,2";
			};
			name = Release;
		};
/* End XCBuildConfiguration section */

/* Begin XCConfigurationList section */
		DBFAC6542C3764A9004FA0BE /* Build configuration list for PBXProject "SwiftfulThings" */ = {
			isa = XCConfigurationList;
			buildConfigurations = (
				DBFAC6652C3764AB004FA0BE /* Debug */,
				DBFAC6662C3764AB004FA0BE /* Release */,
			);
			defaultConfigurationIsVisible = 0;
			defaultConfigurationName = Release;
		};
		DBFAC6672C3764AB004FA0BE /* Build configuration list for PBXNativeTarget "SwiftfulThings" */ = {
			isa = XCConfigurationList;
			buildConfigurations = (
				DBFAC6682C3764AB004FA0BE /* Debug */,
				DBFAC6692C3764AB004FA0BE /* Release */,
			);
			defaultConfigurationIsVisible = 0;
			defaultConfigurationName = Release;
		};
/* End XCConfigurationList section */
	};
	rootObject = DBFAC6512C3764A9004FA0BE /* Project object */;
}
